
Microsoft Visual Studio Solution File, Format Version 12.00
# Visual Studio Version 16
VisualStudioVersion = 16.0.29709.97
MinimumVisualStudioVersion = 10.0.40219.1
Project("{FAE04EC0-301F-11D3-BF4B-00C04F79EFBC}") = "CreateStruct", "CreateStruct\CreateStruct.csproj", "{FF5D80AA-180D-450F-8707-D0E0C20933F5}"
EndProject
Global
	GlobalSection(SolutionConfigurationPlatforms) = preSolution
		Debug|Any CPU = Debug|Any CPU
		Release|Any CPU = Release|Any CPU
	EndGlobalSection
	GlobalSection(ProjectConfigurationPlatforms) = postSolution
		{FF5D80AA-180D-450F-8707-D0E0C20933F5}.Debug|Any CPU.ActiveCfg = Debug|Any CPU
		{FF5D80AA-180D-450F-8707-D0E0C20933F5}.Debug|Any CPU.Build.0 = Debug|Any CPU
		{FF5D80AA-180D-450F-8707-D0E0C20933F5}.Release|Any CPU.ActiveCfg = Release|Any CPU
		{FF5D80AA-180D-450F-8707-D0E0C20933F5}.Release|Any CPU.Build.0 = Release|Any CPU
	EndGlobalSection
	GlobalSection(SolutionProperties) = preSolution
		HideSolutionNode = FALSE
	EndGlobalSection
	GlobalSection(ExtensibilityGlobals) = postSolution
		SolutionGuid = {ABFA7AA7-A0C4-40A7-9F30-E9D4CA9F2DE4}
	EndGlobalSection
EndGlobal
